// !$*UTF8*$!
{
	archiveVersion = 1;
	classes = {
	};
	objectVersion = 46;
	objects = {

/* Begin PBXBuildFile section */
		4E8210CE18B8F5D100BF06DA /* Foundation.framework in Frameworks */ = {isa = PBXBuildFile; fileRef = 4E8210CD18B8F5D100BF06DA /* Foundation.framework */; };
		4E8210D018B8F5D100BF06DA /* CoreGraphics.framework in Frameworks */ = {isa = PBXBuildFile; fileRef = 4E8210CF18B8F5D100BF06DA /* CoreGraphics.framework */; };
		4E8210D218B8F5D100BF06DA /* UIKit.framework in Frameworks */ = {isa = PBXBuildFile; fileRef = 4E8210D118B8F5D100BF06DA /* UIKit.framework */; };
		4E8210D818B8F5D100BF06DA /* InfoPlist.strings in Resources */ = {isa = PBXBuildFile; fileRef = 4E8210D618B8F5D100BF06DA /* InfoPlist.strings */; };
		4E8210DA18B8F5D100BF06DA /* main.m in Sources */ = {isa = PBXBuildFile; fileRef = 4E8210D918B8F5D100BF06DA /* main.m */; };
		4E8210DE18B8F5D100BF06DA /* CGAppDelegate.m in Sources */ = {isa = PBXBuildFile; fileRef = 4E8210DD18B8F5D100BF06DA /* CGAppDelegate.m */; };
		4E8210E018B8F5D100BF06DA /* Images.xcassets in Resources */ = {isa = PBXBuildFile; fileRef = 4E8210DF18B8F5D100BF06DA /* Images.xcassets */; };
		4E8210E718B8F5D100BF06DA /* XCTest.framework in Frameworks */ = {isa = PBXBuildFile; fileRef = 4E8210E618B8F5D100BF06DA /* XCTest.framework */; };
		4E8210E818B8F5D100BF06DA /* Foundation.framework in Frameworks */ = {isa = PBXBuildFile; fileRef = 4E8210CD18B8F5D100BF06DA /* Foundation.framework */; };
		4E8210E918B8F5D100BF06DA /* UIKit.framework in Frameworks */ = {isa = PBXBuildFile; fileRef = 4E8210D118B8F5D100BF06DA /* UIKit.framework */; };
		4E8210F118B8F5D100BF06DA /* InfoPlist.strings in Resources */ = {isa = PBXBuildFile; fileRef = 4E8210EF18B8F5D100BF06DA /* InfoPlist.strings */; };
		4E8210F318B8F5D100BF06DA /* CodeOnTheGoTests.m in Sources */ = {isa = PBXBuildFile; fileRef = 4E8210F218B8F5D100BF06DA /* CodeOnTheGoTests.m */; };
/* End PBXBuildFile section */

/* Begin PBXContainerItemProxy section */
		4E8210EA18B8F5D100BF06DA /* PBXContainerItemProxy */ = {
			isa = PBXContainerItemProxy;
			containerPortal = 4E8210C218B8F5D100BF06DA /* Project object */;
			proxyType = 1;
			remoteGlobalIDString = 4E8210C918B8F5D100BF06DA;
			remoteInfo = CodeOnTheGo;
		};
/* End PBXContainerItemProxy section */

/* Begin PBXFileReference section */
		4E8210CA18B8F5D100BF06DA /* CodeOnTheGo.app */ = {isa = PBXFileReference; explicitFileType = wrapper.application; includeInIndex = 0; path = CodeOnTheGo.app; sourceTree = BUILT_PRODUCTS_DIR; };
		4E8210CD18B8F5D100BF06DA /* Foundation.framework */ = {isa = PBXFileReference; lastKnownFileType = wrapper.framework; name = Foundation.framework; path = System/Library/Frameworks/Foundation.framework; sourceTree = SDKROOT; };
		4E8210CF18B8F5D100BF06DA /* CoreGraphics.framework */ = {isa = PBXFileReference; lastKnownFileType = wrapper.framework; name = CoreGraphics.framework; path = System/Library/Frameworks/CoreGraphics.framework; sourceTree = SDKROOT; };
		4E8210D118B8F5D100BF06DA /* UIKit.framework */ = {isa = PBXFileReference; lastKnownFileType = wrapper.framework; name = UIKit.framework; path = System/Library/Frameworks/UIKit.framework; sourceTree = SDKROOT; };
		4E8210D518B8F5D100BF06DA /* CodeOnTheGo-Info.plist */ = {isa = PBXFileReference; lastKnownFileType = text.plist.xml; path = "CodeOnTheGo-Info.plist"; sourceTree = "<group>"; };
		4E8210D718B8F5D100BF06DA /* en */ = {isa = PBXFileReference; lastKnownFileType = text.plist.strings; name = en; path = en.lproj/InfoPlist.strings; sourceTree = "<group>"; };
		4E8210D918B8F5D100BF06DA /* main.m */ = {isa = PBXFileReference; lastKnownFileType = sourcecode.c.objc; path = main.m; sourceTree = "<group>"; };
		4E8210DB18B8F5D100BF06DA /* CodeOnTheGo-Prefix.pch */ = {isa = PBXFileReference; lastKnownFileType = sourcecode.c.h; path = "CodeOnTheGo-Prefix.pch"; sourceTree = "<group>"; };
		4E8210DC18B8F5D100BF06DA /* CGAppDelegate.h */ = {isa = PBXFileReference; lastKnownFileType = sourcecode.c.h; path = CGAppDelegate.h; sourceTree = "<group>"; };
		4E8210DD18B8F5D100BF06DA /* CGAppDelegate.m */ = {isa = PBXFileReference; lastKnownFileType = sourcecode.c.objc; path = CGAppDelegate.m; sourceTree = "<group>"; };
		4E8210DF18B8F5D100BF06DA /* Images.xcassets */ = {isa = PBXFileReference; lastKnownFileType = folder.assetcatalog; path = Images.xcassets; sourceTree = "<group>"; };
		4E8210E518B8F5D100BF06DA /* CodeOnTheGoTests.xctest */ = {isa = PBXFileReference; explicitFileType = wrapper.cfbundle; includeInIndex = 0; path = CodeOnTheGoTests.xctest; sourceTree = BUILT_PRODUCTS_DIR; };
		4E8210E618B8F5D100BF06DA /* XCTest.framework */ = {isa = PBXFileReference; lastKnownFileType = wrapper.framework; name = XCTest.framework; path = Library/Frameworks/XCTest.framework; sourceTree = DEVELOPER_DIR; };
		4E8210EE18B8F5D100BF06DA /* CodeOnTheGoTests-Info.plist */ = {isa = PBXFileReference; lastKnownFileType = text.plist.xml; path = "CodeOnTheGoTests-Info.plist"; sourceTree = "<group>"; };
		4E8210F018B8F5D100BF06DA /* en */ = {isa = PBXFileReference; lastKnownFileType = text.plist.strings; name = en; path = en.lproj/InfoPlist.strings; sourceTree = "<group>"; };
		4E8210F218B8F5D100BF06DA /* CodeOnTheGoTests.m */ = {isa = PBXFileReference; lastKnownFileType = sourcecode.c.objc; path = CodeOnTheGoTests.m; sourceTree = "<group>"; };
/* End PBXFileReference section */

/* Begin PBXFrameworksBuildPhase section */
		4E8210C718B8F5D100BF06DA /* Frameworks */ = {
			isa = PBXFrameworksBuildPhase;
			buildActionMask = 2147483647;
			files = (
				4E8210D018B8F5D100BF06DA /* CoreGraphics.framework in Frameworks */,
				4E8210D218B8F5D100BF06DA /* UIKit.framework in Frameworks */,
				4E8210CE18B8F5D100BF06DA /* Foundation.framework in Frameworks */,
			);
			runOnlyForDeploymentPostprocessing = 0;
		};
		4E8210E218B8F5D100BF06DA /* Frameworks */ = {
			isa = PBXFrameworksBuildPhase;
			buildActionMask = 2147483647;
			files = (
				4E8210E718B8F5D100BF06DA /* XCTest.framework in Frameworks */,
				4E8210E918B8F5D100BF06DA /* UIKit.framework in Frameworks */,
				4E8210E818B8F5D100BF06DA /* Foundation.framework in Frameworks */,
			);
			runOnlyForDeploymentPostprocessing = 0;
		};
/* End PBXFrameworksBuildPhase section */

/* Begin PBXGroup section */
		4E8210C118B8F5D100BF06DA = {
			isa = PBXGroup;
			children = (
				4E8210D318B8F5D100BF06DA /* CodeOnTheGo */,
				4E8210EC18B8F5D100BF06DA /* CodeOnTheGoTests */,
				4E8210CC18B8F5D100BF06DA /* Frameworks */,
				4E8210CB18B8F5D100BF06DA /* Products */,
			);
			sourceTree = "<group>";
		};
		4E8210CB18B8F5D100BF06DA /* Products */ = {
			isa = PBXGroup;
			children = (
				4E8210CA18B8F5D100BF06DA /* CodeOnTheGo.app */,
				4E8210E518B8F5D100BF06DA /* CodeOnTheGoTests.xctest */,
			);
			name = Products;
			sourceTree = "<group>";
		};
		4E8210CC18B8F5D100BF06DA /* Frameworks */ = {
			isa = PBXGroup;
			children = (
				4E8210CD18B8F5D100BF06DA /* Foundation.framework */,
				4E8210CF18B8F5D100BF06DA /* CoreGraphics.framework */,
				4E8210D118B8F5D100BF06DA /* UIKit.framework */,
				4E8210E618B8F5D100BF06DA /* XCTest.framework */,
			);
			name = Frameworks;
			sourceTree = "<group>";
		};
		4E8210D318B8F5D100BF06DA /* CodeOnTheGo */ = {
			isa = PBXGroup;
			children = (
				4E8210DC18B8F5D100BF06DA /* CGAppDelegate.h */,
				4E8210DD18B8F5D100BF06DA /* CGAppDelegate.m */,
				4E8210DF18B8F5D100BF06DA /* Images.xcassets */,
				4E8210D418B8F5D100BF06DA /* Supporting Files */,
			);
			path = CodeOnTheGo;
			sourceTree = "<group>";
		};
		4E8210D418B8F5D100BF06DA /* Supporting Files */ = {
			isa = PBXGroup;
			children = (
				4E8210D518B8F5D100BF06DA /* CodeOnTheGo-Info.plist */,
				4E8210D618B8F5D100BF06DA /* InfoPlist.strings */,
				4E8210D918B8F5D100BF06DA /* main.m */,
				4E8210DB18B8F5D100BF06DA /* CodeOnTheGo-Prefix.pch */,
			);
			name = "Supporting Files";
			sourceTree = "<group>";
		};
		4E8210EC18B8F5D100BF06DA /* CodeOnTheGoTests */ = {
			isa = PBXGroup;
			children = (
				4E8210F218B8F5D100BF06DA /* CodeOnTheGoTests.m */,
				4E8210ED18B8F5D100BF06DA /* Supporting Files */,
			);
			path = CodeOnTheGoTests;
			sourceTree = "<group>";
		};
		4E8210ED18B8F5D100BF06DA /* Supporting Files */ = {
			isa = PBXGroup;
			children = (
				4E8210EE18B8F5D100BF06DA /* CodeOnTheGoTests-Info.plist */,
				4E8210EF18B8F5D100BF06DA /* InfoPlist.strings */,
			);
			name = "Supporting Files";
			sourceTree = "<group>";
		};
/* End PBXGroup section */

/* Begin PBXNativeTarget section */
		4E8210C918B8F5D100BF06DA /* CodeOnTheGo */ = {
			isa = PBXNativeTarget;
			buildConfigurationList = 4E8210F618B8F5D100BF06DA /* Build configuration list for PBXNativeTarget "CodeOnTheGo" */;
			buildPhases = (
				4E8210C618B8F5D100BF06DA /* Sources */,
				4E8210C718B8F5D100BF06DA /* Frameworks */,
				4E8210C818B8F5D100BF06DA /* Resources */,
			);
			buildRules = (
			);
			dependencies = (
			);
			name = CodeOnTheGo;
			productName = CodeOnTheGo;
			productReference = 4E8210CA18B8F5D100BF06DA /* CodeOnTheGo.app */;
			productType = "com.apple.product-type.application";
		};
		4E8210E418B8F5D100BF06DA /* CodeOnTheGoTests */ = {
			isa = PBXNativeTarget;
			buildConfigurationList = 4E8210F918B8F5D100BF06DA /* Build configuration list for PBXNativeTarget "CodeOnTheGoTests" */;
			buildPhases = (
				4E8210E118B8F5D100BF06DA /* Sources */,
				4E8210E218B8F5D100BF06DA /* Frameworks */,
				4E8210E318B8F5D100BF06DA /* Resources */,
			);
			buildRules = (
			);
			dependencies = (
				4E8210EB18B8F5D100BF06DA /* PBXTargetDependency */,
			);
			name = CodeOnTheGoTests;
			productName = CodeOnTheGoTests;
			productReference = 4E8210E518B8F5D100BF06DA /* CodeOnTheGoTests.xctest */;
			productType = "com.apple.product-type.bundle.unit-test";
		};
/* End PBXNativeTarget section */

/* Begin PBXProject section */
		4E8210C218B8F5D100BF06DA /* Project object */ = {
			isa = PBXProject;
			attributes = {
				CLASSPREFIX = CG;
				LastUpgradeCheck = 0510;
				ORGANIZATIONNAME = "Tosin Afolabi";
				TargetAttributes = {
					4E8210E418B8F5D100BF06DA = {
						TestTargetID = 4E8210C918B8F5D100BF06DA;
					};
				};
			};
			buildConfigurationList = 4E8210C518B8F5D100BF06DA /* Build configuration list for PBXProject "CodeOnTheGo" */;
			compatibilityVersion = "Xcode 3.2";
			developmentRegion = English;
			hasScannedForEncodings = 0;
			knownRegions = (
				en,
			);
			mainGroup = 4E8210C118B8F5D100BF06DA;
			productRefGroup = 4E8210CB18B8F5D100BF06DA /* Products */;
			projectDirPath = "";
			projectRoot = "";
			targets = (
				4E8210C918B8F5D100BF06DA /* CodeOnTheGo */,
				4E8210E418B8F5D100BF06DA /* CodeOnTheGoTests */,
			);
		};
/* End PBXProject section */

/* Begin PBXResourcesBuildPhase section */
		4E8210C818B8F5D100BF06DA /* Resources */ = {
			isa = PBXResourcesBuildPhase;
			buildActionMask = 2147483647;
			files = (
				4E8210D818B8F5D100BF06DA /* InfoPlist.strings in Resources */,
				4E8210E018B8F5D100BF06DA /* Images.xcassets in Resources */,
			);
			runOnlyForDeploymentPostprocessing = 0;
		};
		4E8210E318B8F5D100BF06DA /* Resources */ = {
			isa = PBXResourcesBuildPhase;
			buildActionMask = 2147483647;
			files = (
				4E8210F118B8F5D100BF06DA /* InfoPlist.strings in Resources */,
			);
			runOnlyForDeploymentPostprocessing = 0;
		};
/* End PBXResourcesBuildPhase section */

/* Begin PBXSourcesBuildPhase section */
		4E8210C618B8F5D100BF06DA /* Sources */ = {
			isa = PBXSourcesBuildPhase;
			buildActionMask = 2147483647;
			files = (
				4E8210DE18B8F5D100BF06DA /* CGAppDelegate.m in Sources */,
				4E8210DA18B8F5D100BF06DA /* main.m in Sources */,
			);
			runOnlyForDeploymentPostprocessing = 0;
		};
		4E8210E118B8F5D100BF06DA /* Sources */ = {
			isa = PBXSourcesBuildPhase;
			buildActionMask = 2147483647;
			files = (
				4E8210F318B8F5D100BF06DA /* CodeOnTheGoTests.m in Sources */,
			);
			runOnlyForDeploymentPostprocessing = 0;
		};
/* End PBXSourcesBuildPhase section */

/* Begin PBXTargetDependency section */
		4E8210EB18B8F5D100BF06DA /* PBXTargetDependency */ = {
			isa = PBXTargetDependency;
			target = 4E8210C918B8F5D100BF06DA /* CodeOnTheGo */;
			targetProxy = 4E8210EA18B8F5D100BF06DA /* PBXContainerItemProxy */;
		};
/* End PBXTargetDependency section */

/* Begin PBXVariantGroup section */
		4E8210D618B8F5D100BF06DA /* InfoPlist.strings */ = {
			isa = PBXVariantGroup;
			children = (
				4E8210D718B8F5D100BF06DA /* en */,
			);
			name = InfoPlist.strings;
			sourceTree = "<group>";
		};
		4E8210EF18B8F5D100BF06DA /* InfoPlist.strings */ = {
			isa = PBXVariantGroup;
			children = (
				4E8210F018B8F5D100BF06DA /* en */,
			);
			name = InfoPlist.strings;
			sourceTree = "<group>";
		};
/* End PBXVariantGroup section */

/* Begin XCBuildConfiguration section */
		4E8210F418B8F5D100BF06DA /* Debug */ = {
			isa = XCBuildConfiguration;
			buildSettings = {
				ALWAYS_SEARCH_USER_PATHS = NO;
				CLANG_CXX_LANGUAGE_STANDARD = "gnu++0x";
				CLANG_CXX_LIBRARY = "libc++";
				CLANG_ENABLE_MODULES = YES;
				CLANG_ENABLE_OBJC_ARC = YES;
				CLANG_WARN_BOOL_CONVERSION = YES;
				CLANG_WARN_CONSTANT_CONVERSION = YES;
				CLANG_WARN_DIRECT_OBJC_ISA_USAGE = YES_ERROR;
				CLANG_WARN_EMPTY_BODY = YES;
				CLANG_WARN_ENUM_CONVERSION = YES;
				CLANG_WARN_INT_CONVERSION = YES;
				CLANG_WARN_OBJC_ROOT_CLASS = YES_ERROR;
				CLANG_WARN__DUPLICATE_METHOD_MATCH = YES;
				"CODE_SIGN_IDENTITY[sdk=iphoneos*]" = "iPhone Developer";
				COPY_PHASE_STRIP = NO;
				GCC_C_LANGUAGE_STANDARD = gnu99;
				GCC_DYNAMIC_NO_PIC = NO;
				GCC_OPTIMIZATION_LEVEL = 0;
				GCC_PREPROCESSOR_DEFINITIONS = (
					"DEBUG=1",
					"$(inherited)",
				);
				GCC_SYMBOLS_PRIVATE_EXTERN = NO;
				GCC_WARN_64_TO_32_BIT_CONVERSION = YES;
				GCC_WARN_ABOUT_RETURN_TYPE = YES_ERROR;
				GCC_WARN_UNDECLARED_SELECTOR = YES;
				GCC_WARN_UNINITIALIZED_AUTOS = YES_AGGRESSIVE;
				GCC_WARN_UNUSED_FUNCTION = YES;
				GCC_WARN_UNUSED_VARIABLE = YES;
				IPHONEOS_DEPLOYMENT_TARGET = 7.1;
				ONLY_ACTIVE_ARCH = YES;
				SDKROOT = iphoneos;
			};
			name = Debug;
		};
		4E8210F518B8F5D100BF06DA /* Release */ = {
			isa = XCBuildConfiguration;
			buildSettings = {
				ALWAYS_SEARCH_USER_PATHS = NO;
				CLANG_CXX_LANGUAGE_STANDARD = "gnu++0x";
				CLANG_CXX_LIBRARY = "libc++";
				CLANG_ENABLE_MODULES = YES;
				CLANG_ENABLE_OBJC_ARC = YES;
				CLANG_WARN_BOOL_CONVERSION = YES;
				CLANG_WARN_CONSTANT_CONVERSION = YES;
				CLANG_WARN_DIRECT_OBJC_ISA_USAGE = YES_ERROR;
				CLANG_WARN_EMPTY_BODY = YES;
				CLANG_WARN_ENUM_CONVERSION = YES;
				CLANG_WARN_INT_CONVERSION = YES;
				CLANG_WARN_OBJC_ROOT_CLASS = YES_ERROR;
				CLANG_WARN__DUPLICATE_METHOD_MATCH = YES;
				"CODE_SIGN_IDENTITY[sdk=iphoneos*]" = "iPhone Developer";
				COPY_PHASE_STRIP = YES;
				ENABLE_NS_ASSERTIONS = NO;
				GCC_C_LANGUAGE_STANDARD = gnu99;
				GCC_WARN_64_TO_32_BIT_CONVERSION = YES;
				GCC_WARN_ABOUT_RETURN_TYPE = YES_ERROR;
				GCC_WARN_UNDECLARED_SELECTOR = YES;
				GCC_WARN_UNINITIALIZED_AUTOS = YES_AGGRESSIVE;
				GCC_WARN_UNUSED_FUNCTION = YES;
				GCC_WARN_UNUSED_VARIABLE = YES;
				IPHONEOS_DEPLOYMENT_TARGET = 7.1;
				SDKROOT = iphoneos;
				VALIDATE_PRODUCT = YES;
			};
			name = Release;
		};
		4E8210F718B8F5D100BF06DA /* Debug */ = {
			isa = XCBuildConfiguration;
			buildSettings = {
				ASSETCATALOG_COMPILER_APPICON_NAME = AppIcon;
				ASSETCATALOG_COMPILER_LAUNCHIMAGE_NAME = LaunchImage;
				GCC_PRECOMPILE_PREFIX_HEADER = YES;
				GCC_PREFIX_HEADER = "CodeOnTheGo/CodeOnTheGo-Prefix.pch";
				INFOPLIST_FILE = "CodeOnTheGo/CodeOnTheGo-Info.plist";
				PRODUCT_NAME = "$(TARGET_NAME)";
				WRAPPER_EXTENSION = app;
			};
			name = Debug;
		};
		4E8210F818B8F5D100BF06DA /* Release */ = {
			isa = XCBuildConfiguration;
			buildSettings = {
				ASSETCATALOG_COMPILER_APPICON_NAME = AppIcon;
				ASSETCATALOG_COMPILER_LAUNCHIMAGE_NAME = LaunchImage;
				GCC_PRECOMPILE_PREFIX_HEADER = YES;
				GCC_PREFIX_HEADER = "CodeOnTheGo/CodeOnTheGo-Prefix.pch";
				INFOPLIST_FILE = "CodeOnTheGo/CodeOnTheGo-Info.plist";
				PRODUCT_NAME = "$(TARGET_NAME)";
				WRAPPER_EXTENSION = app;
			};
			name = Release;
		};
		4E8210FA18B8F5D100BF06DA /* Debug */ = {
			isa = XCBuildConfiguration;
			buildSettings = {
				BUNDLE_LOADER = "$(BUILT_PRODUCTS_DIR)/CodeOnTheGo.app/CodeOnTheGo";
				FRAMEWORK_SEARCH_PATHS = (
					"$(SDKROOT)/Developer/Library/Frameworks",
					"$(inherited)",
					"$(DEVELOPER_FRAMEWORKS_DIR)",
				);
				GCC_PRECOMPILE_PREFIX_HEADER = YES;
				GCC_PREFIX_HEADER = "CodeOnTheGo/CodeOnTheGo-Prefix.pch";
				GCC_PREPROCESSOR_DEFINITIONS = (
					"DEBUG=1",
					"$(inherited)",
				);
				INFOPLIST_FILE = "CodeOnTheGoTests/CodeOnTheGoTests-Info.plist";
				PRODUCT_NAME = "$(TARGET_NAME)";
				TEST_HOST = "$(BUNDLE_LOADER)";
				WRAPPER_EXTENSION = xctest;
			};
			name = Debug;
		};
		4E8210FB18B8F5D100BF06DA /* Release */ = {
			isa = XCBuildConfiguration;
			buildSettings = {
				BUNDLE_LOADER = "$(BUILT_PRODUCTS_DIR)/CodeOnTheGo.app/CodeOnTheGo";
				FRAMEWORK_SEARCH_PATHS = (
					"$(SDKROOT)/Developer/Library/Frameworks",
					"$(inherited)",
					"$(DEVELOPER_FRAMEWORKS_DIR)",
				);
				GCC_PRECOMPILE_PREFIX_HEADER = YES;
				GCC_PREFIX_HEADER = "CodeOnTheGo/CodeOnTheGo-Prefix.pch";
				INFOPLIST_FILE = "CodeOnTheGoTests/CodeOnTheGoTests-Info.plist";
				PRODUCT_NAME = "$(TARGET_NAME)";
				TEST_HOST = "$(BUNDLE_LOADER)";
				WRAPPER_EXTENSION = xctest;
			};
			name = Release;
		};
/* End XCBuildConfiguration section */

/* Begin XCConfigurationList section */
		4E8210C518B8F5D100BF06DA /* Build configuration list for PBXProject "CodeOnTheGo" */ = {
			isa = XCConfigurationList;
			buildConfigurations = (
				4E8210F418B8F5D100BF06DA /* Debug */,
				4E8210F518B8F5D100BF06DA /* Release */,
			);
			defaultConfigurationIsVisible = 0;
			defaultConfigurationName = Release;
		};
		4E8210F618B8F5D100BF06DA /* Build configuration list for PBXNativeTarget "CodeOnTheGo" */ = {
			isa = XCConfigurationList;
			buildConfigurations = (
				4E8210F718B8F5D100BF06DA /* Debug */,
				4E8210F818B8F5D100BF06DA /* Release */,
			);
			defaultConfigurationIsVisible = 0;
		};
		4E8210F918B8F5D100BF06DA /* Build configuration list for PBXNativeTarget "CodeOnTheGoTests" */ = {
			isa = XCConfigurationList;
			buildConfigurations = (
				4E8210FA18B8F5D100BF06DA /* Debug */,
				4E8210FB18B8F5D100BF06DA /* Release */,
			);
			defaultConfigurationIsVisible = 0;
		};
/* End XCConfigurationList section */
	};
	rootObject = 4E8210C218B8F5D100BF06DA /* Project object */;
}
